{
  "name": "madden-reader-sidecar",
  "version": "1.0.0",
  "lockfileVersion": 3,
  "requires": true,
  "packages": {
    "": {
      "name": "madden-reader-sidecar",
      "version": "1.0.0",
      "dependencies": {
        "madden-franchise": "^4.1.6"
      }
    },
    "node_modules/bit-buffer": {
      "version": "0.2.5",
      "resolved": "https://registry.npmjs.org/bit-buffer/-/bit-buffer-0.2.5.tgz",
      "integrity": "sha512-x1yGnmXvFg6e3DiyRztElbcn1bsCTFSoM/ncAzY62uE0JdTl5xlKJd0ooqLYoPbhdsnpehSIQrdIvclcZJYwiA==",
      "license": "MIT"
    },
    "node_modules/fast-xml-parser": {
      "version": "5.3.7",
      "resolved": "https://registry.npmjs.org/fast-xml-parser/-/fast-xml-parser-5.3.7.tgz",
      "integrity": "sha512-JzVLro9NQv92pOM/jTCR6mHlJh2FGwtomH8ZQjhFj/R29P2Fnj38OgPJVtcvYw6SuKClhgYuwUZf5b3rd8u2mA==",
      "funding": [
        {
          "type": "github",
          "url": "https://github.com/sponsors/NaturalIntelligence"
        }
      ],
      "license": "MIT",
      "dependencies": {
        "strnum": "^2.1.2"
      },
      "bin": {
        "fxparser": "src/cli/cli.js"
      }
    },
    "node_modules/madden-franchise": {
      "version": "4.1.6",
      "resolved": "https://registry.npmjs.org/madden-franchise/-/madden-franchise-4.1.6.tgz",
      "integrity": "sha512-Z91LG1ObAVRbTGt2vRScnrHYvQ52PN1LzAHtBGTXOM1+4y3nVaFvr9KVHiLvVbLCFbvVXf3sH6JIM9eixcTizg==",
      "license": "MIT",
      "dependencies": {
        "bit-buffer": "^0.2.5",
        "fast-xml-parser": "^5.2.5",
        "node-xml-stream-parser": "^1.0.12"
      },
      "engines": {
        "node": ">=22.19.0"
      }
    },
    "node_modules/node-xml-stream-parser": {
      "version": "1.0.12",
      "resolved": "https://registry.npmjs.org/node-xml-stream-parser/-/node-xml-stream-parser-1.0.12.tgz",
      "integrity": "sha512-qfUiDv1F6OMSltv2/ay32q7fp995OrA3TmEdlwFcxEjAQPiEAH+qi3jAh0QjOTXNbdLa5hoYhuBPCiylllGfjg==",
      "license": "MIT"
    },
    "node_modules/strnum": {
      "version": "2.1.2",
      "resolved": "https://registry.npmjs.org/strnum/-/strnum-2.1.2.tgz",
      "integrity": "sha512-l63NF9y/cLROq/yqKXSLtcMeeyOfnSQlfMSlzFt/K73oIaD8DGaQWd7Z34X9GPiKqP5rbSh84Hl4bOlLcjiSrQ==",
      "funding": [
        {
          "type": "github",
          "url": "https://github.com/sponsors/NaturalIntelligence"
        }
      ],
      "license": "MIT"
    }
  }
}
